{
  "name": "tandem-website",
  "version": "1.0.0",
  "lockfileVersion": 1,
  "requires": true,
  "dependencies": {
    "paperclip-html-compiler": {
      "version": "10.1.5",
      "resolved": "https://registry.npmjs.org/paperclip-html-compiler/-/paperclip-html-compiler-10.1.5.tgz",
      "integrity": "sha512-Hk9RqgxUOQDlybXltFGnVUZCfx7aBNAd9NkQ2DGVHp5kSxcWizV5V4NU/47sM1Ts/4pYdVGrYy9F98JEojdEYw=="
    }
  }
}
